
Microsoft Visual Studio Solution File, Format Version 12.00
# Visual Studio Version 17
VisualStudioVersion = 17.8.34511.84
MinimumVisualStudioVersion = 10.0.40219.1
Project("{FAE04EC0-301F-11D3-BF4B-00C04F79EFBC}") = "Comp003A.LectureActivity4", "Comp003A.LectureActivity4\Comp003A.LectureActivity4.csproj", "{AB303C46-B032-428E-999B-420647DAE769}"
EndProject
Global
	GlobalSection(SolutionConfigurationPlatforms) = preSolution
		Debug|Any CPU = Debug|Any CPU
		Release|Any CPU = Release|Any CPU
	EndGlobalSection
	GlobalSection(ProjectConfigurationPlatforms) = postSolution
		{AB303C46-B032-428E-999B-420647DAE769}.Debug|Any CPU.ActiveCfg = Debug|Any CPU
		{AB303C46-B032-428E-999B-420647DAE769}.Debug|Any CPU.Build.0 = Debug|Any CPU
		{AB303C46-B032-428E-999B-420647DAE769}.Release|Any CPU.ActiveCfg = Release|Any CPU
		{AB303C46-B032-428E-999B-420647DAE769}.Release|Any CPU.Build.0 = Release|Any CPU
	EndGlobalSection
	GlobalSection(SolutionProperties) = preSolution
		HideSolutionNode = FALSE
	EndGlobalSection
	GlobalSection(ExtensibilityGlobals) = postSolution
		SolutionGuid = {BEAB2AB7-72C9-47CF-8911-D3A86623CA81}
	EndGlobalSection
EndGlobal
